
Microsoft Visual Studio Solution File, Format Version 12.00
# Visual Studio 14
VisualStudioVersion = 14.0.25420.1
MinimumVisualStudioVersion = 10.0.40219.1
Project("{FAE04EC0-301F-11D3-BF4B-00C04F79EFBC}") = "Dapper.Net20", "Dapper.Net20\Dapper.Net20.csproj", "{37DD57E6-68F0-4047-8C4A-111ED6CD47FF}"
EndProject
Global
	GlobalSection(SolutionConfigurationPlatforms) = preSolution
		Debug|Any CPU = Debug|Any CPU
		Release|Any CPU = Release|Any CPU
	EndGlobalSection
	GlobalSection(ProjectConfigurationPlatforms) = postSolution
		{37DD57E6-68F0-4047-8C4A-111ED6CD47FF}.Debug|Any CPU.ActiveCfg = Debug|Any CPU
		{37DD57E6-68F0-4047-8C4A-111ED6CD47FF}.Debug|Any CPU.Build.0 = Debug|Any CPU
		{37DD57E6-68F0-4047-8C4A-111ED6CD47FF}.Release|Any CPU.ActiveCfg = Release|Any CPU
		{37DD57E6-68F0-4047-8C4A-111ED6CD47FF}.Release|Any CPU.Build.0 = Release|Any CPU
	EndGlobalSection
	GlobalSection(SolutionProperties) = preSolution
		HideSolutionNode = FALSE
	EndGlobalSection
EndGlobal
